{
	"requires": true,
	"lockfileVersion": 1,
	"dependencies": {
		"bn.js": {
			"version": "4.11.8",
			"resolved": "https://registry.npmjs.org/bn.js/-/bn.js-4.11.8.tgz",
			"integrity": "sha512-ItfYfPLkWHUjckQCk8xC+LwxgK8NYcXywGigJgSwOP8Y2iyWT4f2vsZnoOXTTbo+o5yXmIUJ4gn5538SO5S3gA=="
		},
		"openzeppelin-solidity": {
			"version": "2.0.0",
			"resolved": "https://registry.npmjs.org/openzeppelin-solidity/-/openzeppelin-solidity-2.0.0.tgz",
			"integrity": "sha512-SolpxQFArtiYnlSNg3dZ9sz0WVlKtPqSOcJkXRllaZp4+Lpfqz3vxF0yoh7g75TszKPyadqoJmU7+GM/vwh9SA=="
		},
		"zeppelin-solidity": {
			"version": "1.4.0",
			"resolved": "https://registry.npmjs.org/zeppelin-solidity/-/zeppelin-solidity-1.4.0.tgz",
			"integrity": "sha512-eJfD1Zf0ZP2m0oYnB/HM7JPJ81MNjs3qt+c/TRd5kvCSOU3EfYNHz5YfFgzkJzvPUGs0Zg8spzGROlqXShvisg=="
		}
	}
}
